
Microsoft Visual Studio Solution File, Format Version 12.00
# Visual Studio Version 16
VisualStudioVersion = 16.0.28803.202
MinimumVisualStudioVersion = 10.0.40219.1
Project("{FAE04EC0-301F-11D3-BF4B-00C04F79EFBC}") = "BasicSenderTopicExample", "BasicSenderTopicExample\BasicSenderTopicExample.csproj", "{65828BFC-4A4A-4B5B-9FD8-47E35E4B2B4D}"
EndProject
Project("{FAE04EC0-301F-11D3-BF4B-00C04F79EFBC}") = "BasicReceiverSubscriberExample", "BasicReceiverSubscriberExample\BasicReceiverSubscriberExample.csproj", "{3E054C02-9235-4F92-B289-77F435BA14E9}"
EndProject
Global
	GlobalSection(SolutionConfigurationPlatforms) = preSolution
		Debug|Any CPU = Debug|Any CPU
		Release|Any CPU = Release|Any CPU
	EndGlobalSection
	GlobalSection(ProjectConfigurationPlatforms) = postSolution
		{65828BFC-4A4A-4B5B-9FD8-47E35E4B2B4D}.Debug|Any CPU.ActiveCfg = Debug|Any CPU
		{65828BFC-4A4A-4B5B-9FD8-47E35E4B2B4D}.Debug|Any CPU.Build.0 = Debug|Any CPU
		{65828BFC-4A4A-4B5B-9FD8-47E35E4B2B4D}.Release|Any CPU.ActiveCfg = Release|Any CPU
		{65828BFC-4A4A-4B5B-9FD8-47E35E4B2B4D}.Release|Any CPU.Build.0 = Release|Any CPU
		{3E054C02-9235-4F92-B289-77F435BA14E9}.Debug|Any CPU.ActiveCfg = Debug|Any CPU
		{3E054C02-9235-4F92-B289-77F435BA14E9}.Debug|Any CPU.Build.0 = Debug|Any CPU
		{3E054C02-9235-4F92-B289-77F435BA14E9}.Release|Any CPU.ActiveCfg = Release|Any CPU
		{3E054C02-9235-4F92-B289-77F435BA14E9}.Release|Any CPU.Build.0 = Release|Any CPU
	EndGlobalSection
	GlobalSection(SolutionProperties) = preSolution
		HideSolutionNode = FALSE
	EndGlobalSection
	GlobalSection(ExtensibilityGlobals) = postSolution
		SolutionGuid = {9FE7AAEF-55FD-449B-8E5C-C8C8414D35A9}
	EndGlobalSection
EndGlobal
